<?xml version="1.0" encoding="utf-8"?>
<Project ToolsVersion="4.0" xmlns="http://schemas.microsoft.com/developer/msbuild/2003">
	<ItemGroup>
		<Filter Include="src">
			<UniqueIdentifier>{9F87CECD-7386-417A-9B07-173078508E8C}</UniqueIdentifier>
		</Filter>
		<Filter Include="src\app">
			<UniqueIdentifier>{E5508A37-FB30-47E3-B93E-DC184061CD65}</UniqueIdentifier>
		</Filter>
		<Filter Include="src\app\dir1">
			<UniqueIdentifier>{FB8D4EB6-8FD9-4440-873B-3679ECF86F18}</UniqueIdentifier>
		</Filter>
		<Filter Include="src\app\dir1\dir2">
			<UniqueIdentifier>{DA1C465F-DD4C-47B4-B229-615FF147EAFC}</UniqueIdentifier>
		</Filter>
		<Filter Include="src\app\dir1\dir2\dir3">
			<UniqueIdentifier>{41FEE148-A457-4F24-9CBD-210CF5FA9E42}</UniqueIdentifier>
		</Filter>
	</ItemGroup>
	<ItemGroup>
		<ClCompile Include="..\src/app\main.cpp">
			<Filter>src\app</Filter>
		</ClCompile>
		<ClCompile Include="..\src/app/dir1\test_file1.cpp">
			<Filter>src\app\dir1</Filter>
		</ClCompile>
		<ClCompile Include="..\src/app/dir1/dir2\test_file2.cpp">
			<Filter>src\app\dir1\dir2</Filter>
		</ClCompile>
		<ClCompile Include="..\src/app/dir1/dir2/dir3\test_file3.cpp">
			<Filter>src\app\dir1\dir2\dir3</Filter>
		</ClCompile>
	</ItemGroup>
</Project>